
Microsoft Visual Studio Solution File, Format Version 12.00
# Visual Studio 15
VisualStudioVersion = 15.0.28307.645
MinimumVisualStudioVersion = 10.0.40219.1
Project("{FAE04EC0-301F-11D3-BF4B-00C04F79EFBC}") = "TWSS", "TWSS\TWSS.csproj", "{2218ECF8-7017-445C-9480-A7157730F6CD}"
EndProject
Project("{FAE04EC0-301F-11D3-BF4B-00C04F79EFBC}") = "toolClass", "toolClass\toolClass.csproj", "{64C71D97-7CAB-4930-A13B-2B75115393C4}"
EndProject
Global
	GlobalSection(SolutionConfigurationPlatforms) = preSolution
		Debug|Any CPU = Debug|Any CPU
		Debug|x64 = Debug|x64
		Debug|x86 = Debug|x86
		Release|Any CPU = Release|Any CPU
		Release|x64 = Release|x64
		Release|x86 = Release|x86
	EndGlobalSection
	GlobalSection(ProjectConfigurationPlatforms) = postSolution
		{2218ECF8-7017-445C-9480-A7157730F6CD}.Debug|Any CPU.ActiveCfg = Debug|Any CPU
		{2218ECF8-7017-445C-9480-A7157730F6CD}.Debug|Any CPU.Build.0 = Debug|Any CPU
		{2218ECF8-7017-445C-9480-A7157730F6CD}.Debug|x64.ActiveCfg = Debug|Any CPU
		{2218ECF8-7017-445C-9480-A7157730F6CD}.Debug|x64.Build.0 = Debug|Any CPU
		{2218ECF8-7017-445C-9480-A7157730F6CD}.Debug|x86.ActiveCfg = Debug|Any CPU
		{2218ECF8-7017-445C-9480-A7157730F6CD}.Debug|x86.Build.0 = Debug|Any CPU
		{2218ECF8-7017-445C-9480-A7157730F6CD}.Release|Any CPU.ActiveCfg = Release|Any CPU
		{2218ECF8-7017-445C-9480-A7157730F6CD}.Release|Any CPU.Build.0 = Release|Any CPU
		{2218ECF8-7017-445C-9480-A7157730F6CD}.Release|x64.ActiveCfg = Release|Any CPU
		{2218ECF8-7017-445C-9480-A7157730F6CD}.Release|x64.Build.0 = Release|Any CPU
		{2218ECF8-7017-445C-9480-A7157730F6CD}.Release|x86.ActiveCfg = Release|Any CPU
		{2218ECF8-7017-445C-9480-A7157730F6CD}.Release|x86.Build.0 = Release|Any CPU
		{64C71D97-7CAB-4930-A13B-2B75115393C4}.Debug|Any CPU.ActiveCfg = Debug|Any CPU
		{64C71D97-7CAB-4930-A13B-2B75115393C4}.Debug|Any CPU.Build.0 = Debug|Any CPU
		{64C71D97-7CAB-4930-A13B-2B75115393C4}.Debug|x64.ActiveCfg = Debug|Any CPU
		{64C71D97-7CAB-4930-A13B-2B75115393C4}.Debug|x64.Build.0 = Debug|Any CPU
		{64C71D97-7CAB-4930-A13B-2B75115393C4}.Debug|x86.ActiveCfg = Debug|Any CPU
		{64C71D97-7CAB-4930-A13B-2B75115393C4}.Debug|x86.Build.0 = Debug|Any CPU
		{64C71D97-7CAB-4930-A13B-2B75115393C4}.Release|Any CPU.ActiveCfg = Release|Any CPU
		{64C71D97-7CAB-4930-A13B-2B75115393C4}.Release|Any CPU.Build.0 = Release|Any CPU
		{64C71D97-7CAB-4930-A13B-2B75115393C4}.Release|x64.ActiveCfg = Release|Any CPU
		{64C71D97-7CAB-4930-A13B-2B75115393C4}.Release|x64.Build.0 = Release|Any CPU
		{64C71D97-7CAB-4930-A13B-2B75115393C4}.Release|x86.ActiveCfg = Release|Any CPU
		{64C71D97-7CAB-4930-A13B-2B75115393C4}.Release|x86.Build.0 = Release|Any CPU
	EndGlobalSection
	GlobalSection(SolutionProperties) = preSolution
		HideSolutionNode = FALSE
	EndGlobalSection
	GlobalSection(ExtensibilityGlobals) = postSolution
		SolutionGuid = {16692880-5704-4A85-84F0-DEFCC7A95DFF}
	EndGlobalSection
EndGlobal
